// !$*UTF8*$!
{
	archiveVersion = 1;
	classes = {
	};
	objectVersion = 50;
	objects = {

/* Begin PBXBuildFile section */
		5B227FA422A67FAA007C484E /* AppDelegate.swift in Sources */ = {isa = PBXBuildFile; fileRef = 5B227FA322A67FAA007C484E /* AppDelegate.swift */; };
		5B227FA622A67FAA007C484E /* ViewController.swift in Sources */ = {isa = PBXBuildFile; fileRef = 5B227FA522A67FAA007C484E /* ViewController.swift */; };
		5B227FA922A67FAA007C484E /* Main.storyboard in Resources */ = {isa = PBXBuildFile; fileRef = 5B227FA722A67FAA007C484E /* Main.storyboard */; };
		5B227FAB22A67FAB007C484E /* Assets.xcassets in Resources */ = {isa = PBXBuildFile; fileRef = 5B227FAA22A67FAB007C484E /* Assets.xcassets */; };
		5B227FAE22A67FAB007C484E /* LaunchScreen.storyboard in Resources */ = {isa = PBXBuildFile; fileRef = 5B227FAC22A67FAB007C484E /* LaunchScreen.storyboard */; };
		5B55E3BF22A6AB62002FCA1C /* AFNetworking.framework in Frameworks */ = {isa = PBXBuildFile; fileRef = 5B55E3BD22A6AB62002FCA1C /* AFNetworking.framework */; };
		5B55E3C022A6AB62002FCA1C /* VimeoNetworking.framework in Frameworks */ = {isa = PBXBuildFile; fileRef = 5B55E3BE22A6AB62002FCA1C /* VimeoNetworking.framework */; };
/* End PBXBuildFile section */

/* Begin PBXFileReference section */
		5B227FA022A67FAA007C484E /* VIMNetworkingCarthageSample.app */ = {isa = PBXFileReference; explicitFileType = wrapper.application; includeInIndex = 0; path = VIMNetworkingCarthageSample.app; sourceTree = BUILT_PRODUCTS_DIR; };
		5B227FA322A67FAA007C484E /* AppDelegate.swift */ = {isa = PBXFileReference; lastKnownFileType = sourcecode.swift; path = AppDelegate.swift; sourceTree = "<group>"; };
		5B227FA522A67FAA007C484E /* ViewController.swift */ = {isa = PBXFileReference; lastKnownFileType = sourcecode.swift; path = ViewController.swift; sourceTree = "<group>"; };
		5B227FA822A67FAA007C484E /* Base */ = {isa = PBXFileReference; lastKnownFileType = file.storyboard; name = Base; path = Base.lproj/Main.storyboard; sourceTree = "<group>"; };
		5B227FAA22A67FAB007C484E /* Assets.xcassets */ = {isa = PBXFileReference; lastKnownFileType = folder.assetcatalog; path = Assets.xcassets; sourceTree = "<group>"; };
		5B227FAD22A67FAB007C484E /* Base */ = {isa = PBXFileReference; lastKnownFileType = file.storyboard; name = Base; path = Base.lproj/LaunchScreen.storyboard; sourceTree = "<group>"; };
		5B227FAF22A67FAB007C484E /* Info.plist */ = {isa = PBXFileReference; lastKnownFileType = text.plist.xml; path = Info.plist; sourceTree = "<group>"; };
		5B55E3BD22A6AB62002FCA1C /* AFNetworking.framework */ = {isa = PBXFileReference; lastKnownFileType = wrapper.framework; name = AFNetworking.framework; path = Carthage/Build/iOS/AFNetworking.framework; sourceTree = "<group>"; };
		5B55E3BE22A6AB62002FCA1C /* VimeoNetworking.framework */ = {isa = PBXFileReference; lastKnownFileType = wrapper.framework; name = VimeoNetworking.framework; path = Carthage/Build/iOS/VimeoNetworking.framework; sourceTree = "<group>"; };
/* End PBXFileReference section */

/* Begin PBXFrameworksBuildPhase section */
		5B227F9D22A67FAA007C484E /* Frameworks */ = {
			isa = PBXFrameworksBuildPhase;
			buildActionMask = 2147483647;
			files = (
				5B55E3BF22A6AB62002FCA1C /* AFNetworking.framework in Frameworks */,
				5B55E3C022A6AB62002FCA1C /* VimeoNetworking.framework in Frameworks */,
			);
			runOnlyForDeploymentPostprocessing = 0;
		};
/* End PBXFrameworksBuildPhase section */

/* Begin PBXGroup section */
		5B227F9722A67FAA007C484E = {
			isa = PBXGroup;
			children = (
				5B55E3BB22A6AB4A002FCA1C /* Frameworks */,
				5B227FA222A67FAA007C484E /* VIMNetworkingCarthageSample */,
				5B227FA122A67FAA007C484E /* Products */,
			);
			sourceTree = "<group>";
		};
		5B227FA122A67FAA007C484E /* Products */ = {
			isa = PBXGroup;
			children = (
				5B227FA022A67FAA007C484E /* VIMNetworkingCarthageSample.app */,
			);
			name = Products;
			sourceTree = "<group>";
		};
		5B227FA222A67FAA007C484E /* VIMNetworkingCarthageSample */ = {
			isa = PBXGroup;
			children = (
				5B227FA322A67FAA007C484E /* AppDelegate.swift */,
				5B227FA522A67FAA007C484E /* ViewController.swift */,
				5B227FA722A67FAA007C484E /* Main.storyboard */,
				5B227FAA22A67FAB007C484E /* Assets.xcassets */,
				5B227FAC22A67FAB007C484E /* LaunchScreen.storyboard */,
				5B227FAF22A67FAB007C484E /* Info.plist */,
			);
			path = VIMNetworkingCarthageSample;
			sourceTree = "<group>";
		};
		5B55E3BB22A6AB4A002FCA1C /* Frameworks */ = {
			isa = PBXGroup;
			children = (
				5B55E3BC22A6AB55002FCA1C /* Carthage */,
			);
			name = Frameworks;
			sourceTree = "<group>";
		};
		5B55E3BC22A6AB55002FCA1C /* Carthage */ = {
			isa = PBXGroup;
			children = (
				5B55E3BD22A6AB62002FCA1C /* AFNetworking.framework */,
				5B55E3BE22A6AB62002FCA1C /* VimeoNetworking.framework */,
			);
			name = Carthage;
			sourceTree = "<group>";
		};
/* End PBXGroup section */

/* Begin PBXNativeTarget section */
		5B227F9F22A67FAA007C484E /* VIMNetworkingCarthageSample */ = {
			isa = PBXNativeTarget;
			buildConfigurationList = 5B227FB222A67FAB007C484E /* Build configuration list for PBXNativeTarget "VIMNetworkingCarthageSample" */;
			buildPhases = (
				5B227F9C22A67FAA007C484E /* Sources */,
				5B227F9D22A67FAA007C484E /* Frameworks */,
				5B227F9E22A67FAA007C484E /* Resources */,
				5B227FB522A68044007C484E /* Carthage */,
			);
			buildRules = (
			);
			dependencies = (
			);
			name = VIMNetworkingCarthageSample;
			productName = VIMNetworkingCarthageSample;
			productReference = 5B227FA022A67FAA007C484E /* VIMNetworkingCarthageSample.app */;
			productType = "com.apple.product-type.application";
		};
/* End PBXNativeTarget section */

/* Begin PBXProject section */
		5B227F9822A67FAA007C484E /* Project object */ = {
			isa = PBXProject;
			attributes = {
				LastSwiftUpdateCheck = 1020;
				LastUpgradeCheck = 1020;
				ORGANIZATIONNAME = Vimeo;
				TargetAttributes = {
					5B227F9F22A67FAA007C484E = {
						CreatedOnToolsVersion = 10.2.1;
					};
				};
			};
			buildConfigurationList = 5B227F9B22A67FAA007C484E /* Build configuration list for PBXProject "VIMNetworkingCarthageSample" */;
			compatibilityVersion = "Xcode 9.3";
			developmentRegion = en;
			hasScannedForEncodings = 0;
			knownRegions = (
				en,
				Base,
			);
			mainGroup = 5B227F9722A67FAA007C484E;
			productRefGroup = 5B227FA122A67FAA007C484E /* Products */;
			projectDirPath = "";
			projectRoot = "";
			targets = (
				5B227F9F22A67FAA007C484E /* VIMNetworkingCarthageSample */,
			);
		};
/* End PBXProject section */

/* Begin PBXResourcesBuildPhase section */
		5B227F9E22A67FAA007C484E /* Resources */ = {
			isa = PBXResourcesBuildPhase;
			buildActionMask = 2147483647;
			files = (
				5B227FAE22A67FAB007C484E /* LaunchScreen.storyboard in Resources */,
				5B227FAB22A67FAB007C484E /* Assets.xcassets in Resources */,
				5B227FA922A67FAA007C484E /* Main.storyboard in Resources */,
			);
			runOnlyForDeploymentPostprocessing = 0;
		};
/* End PBXResourcesBuildPhase section */

/* Begin PBXShellScriptBuildPhase section */
		5B227FB522A68044007C484E /* Carthage */ = {
			isa = PBXShellScriptBuildPhase;
			buildActionMask = 2147483647;
			files = (
			);
			inputFileListPaths = (
			);
			inputPaths = (
				"$(SRCROOT)/Carthage/Build/iOS/VimeoNetworking.framework",
				"$(SRCROOT)/Carthage/Build/iOS/AFNetworking.framework",
			);
			name = Carthage;
			outputFileListPaths = (
			);
			outputPaths = (
				"$(BUILT_PRODUCTS_DIR)/$(FRAMEWORKS_FOLDER_PATH)/VimeoNetworking.framework",
				"$(BUILT_PRODUCTS_DIR)/$(FRAMEWORKS_FOLDER_PATH)/AFNetworking.framework",
			);
			runOnlyForDeploymentPostprocessing = 0;
			shellPath = /bin/sh;
			shellScript = "/usr/local/bin/carthage copy-frameworks\n";
		};
/* End PBXShellScriptBuildPhase section */

/* Begin PBXSourcesBuildPhase section */
		5B227F9C22A67FAA007C484E /* Sources */ = {
			isa = PBXSourcesBuildPhase;
			buildActionMask = 2147483647;
			files = (
				5B227FA622A67FAA007C484E /* ViewController.swift in Sources */,
				5B227FA422A67FAA007C484E /* AppDelegate.swift in Sources */,
			);
			runOnlyForDeploymentPostprocessing = 0;
		};
/* End PBXSourcesBuildPhase section */

/* Begin PBXVariantGroup section */
		5B227FA722A67FAA007C484E /* Main.storyboard */ = {
			isa = PBXVariantGroup;
			children = (
				5B227FA822A67FAA007C484E /* Base */,
			);
			name = Main.storyboard;
			sourceTree = "<group>";
		};
		5B227FAC22A67FAB007C484E /* LaunchScreen.storyboard */ = {
			isa = PBXVariantGroup;
			children = (
				5B227FAD22A67FAB007C484E /* Base */,
			);
			name = LaunchScreen.storyboard;
			sourceTree = "<group>";
		};
/* End PBXVariantGroup section */

/* Begin XCBuildConfiguration section */
		5B227FB022A67FAB007C484E /* Debug */ = {
			isa = XCBuildConfiguration;
			buildSettings = {
				ALWAYS_SEARCH_USER_PATHS = NO;
				CLANG_ANALYZER_NONNULL = YES;
				CLANG_ANALYZER_NUMBER_OBJECT_CONVERSION = YES_AGGRESSIVE;
				CLANG_CXX_LANGUAGE_STANDARD = "gnu++14";
				CLANG_CXX_LIBRARY = "libc++";
				CLANG_ENABLE_MODULES = YES;
				CLANG_ENABLE_OBJC_ARC = YES;
				CLANG_ENABLE_OBJC_WEAK = YES;
				CLANG_WARN_BLOCK_CAPTURE_AUTORELEASING = YES;
				CLANG_WARN_BOOL_CONVERSION = YES;
				CLANG_WARN_COMMA = YES;
				CLANG_WARN_CONSTANT_CONVERSION = YES;
				CLANG_WARN_DEPRECATED_OBJC_IMPLEMENTATIONS = YES;
				CLANG_WARN_DIRECT_OBJC_ISA_USAGE = YES_ERROR;
				CLANG_WARN_DOCUMENTATION_COMMENTS = YES;
				CLANG_WARN_EMPTY_BODY = YES;
				CLANG_WARN_ENUM_CONVERSION = YES;
				CLANG_WARN_INFINITE_RECURSION = YES;
				CLANG_WARN_INT_CONVERSION = YES;
				CLANG_WARN_NON_LITERAL_NULL_CONVERSION = YES;
				CLANG_WARN_OBJC_IMPLICIT_RETAIN_SELF = YES;
				CLANG_WARN_OBJC_LITERAL_CONVERSION = YES;
				CLANG_WARN_OBJC_ROOT_CLASS = YES_ERROR;
				CLANG_WARN_RANGE_LOOP_ANALYSIS = YES;
				CLANG_WARN_STRICT_PROTOTYPES = YES;
				CLANG_WARN_SUSPICIOUS_MOVE = YES;
				CLANG_WARN_UNGUARDED_AVAILABILITY = YES_AGGRESSIVE;
				CLANG_WARN_UNREACHABLE_CODE = YES;
				CLANG_WARN__DUPLICATE_METHOD_MATCH = YES;
				CODE_SIGN_IDENTITY = "iPhone Developer";
				COPY_PHASE_STRIP = NO;
				DEBUG_INFORMATION_FORMAT = dwarf;
				ENABLE_STRICT_OBJC_MSGSEND = YES;
				ENABLE_TESTABILITY = YES;
				GCC_C_LANGUAGE_STANDARD = gnu11;
				GCC_DYNAMIC_NO_PIC = NO;
				GCC_NO_COMMON_BLOCKS = YES;
				GCC_OPTIMIZATION_LEVEL = 0;
				GCC_PREPROCESSOR_DEFINITIONS = (
					"DEBUG=1",
					"$(inherited)",
				);
				GCC_WARN_64_TO_32_BIT_CONVERSION = YES;
				GCC_WARN_ABOUT_RETURN_TYPE = YES_ERROR;
				GCC_WARN_UNDECLARED_SELECTOR = YES;
				GCC_WARN_UNINITIALIZED_AUTOS = YES_AGGRESSIVE;
				GCC_WARN_UNUSED_FUNCTION = YES;
				GCC_WARN_UNUSED_VARIABLE = YES;
				IPHONEOS_DEPLOYMENT_TARGET = 12.2;
				MTL_ENABLE_DEBUG_INFO = INCLUDE_SOURCE;
				MTL_FAST_MATH = YES;
				ONLY_ACTIVE_ARCH = YES;
				SDKROOT = iphoneos;
				SWIFT_ACTIVE_COMPILATION_CONDITIONS = DEBUG;
				SWIFT_OPTIMIZATION_LEVEL = "-Onone";
			};
			name = Debug;
		};
		5B227FB122A67FAB007C484E /* Release */ = {
			isa = XCBuildConfiguration;
			buildSettings = {
				ALWAYS_SEARCH_USER_PATHS = NO;
				CLANG_ANALYZER_NONNULL = YES;
				CLANG_ANALYZER_NUMBER_OBJECT_CONVERSION = YES_AGGRESSIVE;
				CLANG_CXX_LANGUAGE_STANDARD = "gnu++14";
				CLANG_CXX_LIBRARY = "libc++";
				CLANG_ENABLE_MODULES = YES;
				CLANG_ENABLE_OBJC_ARC = YES;
				CLANG_ENABLE_OBJC_WEAK = YES;
				CLANG_WARN_BLOCK_CAPTURE_AUTORELEASING = YES;
				CLANG_WARN_BOOL_CONVERSION = YES;
				CLANG_WARN_COMMA = YES;
				CLANG_WARN_CONSTANT_CONVERSION = YES;
				CLANG_WARN_DEPRECATED_OBJC_IMPLEMENTATIONS = YES;
				CLANG_WARN_DIRECT_OBJC_ISA_USAGE = YES_ERROR;
				CLANG_WARN_DOCUMENTATION_COMMENTS = YES;
				CLANG_WARN_EMPTY_BODY = YES;
				CLANG_WARN_ENUM_CONVERSION = YES;
				CLANG_WARN_INFINITE_RECURSION = YES;
				CLANG_WARN_INT_CONVERSION = YES;
				CLANG_WARN_NON_LITERAL_NULL_CONVERSION = YES;
				CLANG_WARN_OBJC_IMPLICIT_RETAIN_SELF = YES;
				CLANG_WARN_OBJC_LITERAL_CONVERSION = YES;
				CLANG_WARN_OBJC_ROOT_CLASS = YES_ERROR;
				CLANG_WARN_RANGE_LOOP_ANALYSIS = YES;
				CLANG_WARN_STRICT_PROTOTYPES = YES;
				CLANG_WARN_SUSPICIOUS_MOVE = YES;
				CLANG_WARN_UNGUARDED_AVAILABILITY = YES_AGGRESSIVE;
				CLANG_WARN_UNREACHABLE_CODE = YES;
				CLANG_WARN__DUPLICATE_METHOD_MATCH = YES;
				CODE_SIGN_IDENTITY = "iPhone Developer";
				COPY_PHASE_STRIP = NO;
				DEBUG_INFORMATION_FORMAT = "dwarf-with-dsym";
				ENABLE_NS_ASSERTIONS = NO;
				ENABLE_STRICT_OBJC_MSGSEND = YES;
				GCC_C_LANGUAGE_STANDARD = gnu11;
				GCC_NO_COMMON_BLOCKS = YES;
				GCC_WARN_64_TO_32_BIT_CONVERSION = YES;
				GCC_WARN_ABOUT_RETURN_TYPE = YES_ERROR;
				GCC_WARN_UNDECLARED_SELECTOR = YES;
				GCC_WARN_UNINITIALIZED_AUTOS = YES_AGGRESSIVE;
				GCC_WARN_UNUSED_FUNCTION = YES;
				GCC_WARN_UNUSED_VARIABLE = YES;
				IPHONEOS_DEPLOYMENT_TARGET = 12.2;
				MTL_ENABLE_DEBUG_INFO = NO;
				MTL_FAST_MATH = YES;
				SDKROOT = iphoneos;
				SWIFT_COMPILATION_MODE = wholemodule;
				SWIFT_OPTIMIZATION_LEVEL = "-O";
				VALIDATE_PRODUCT = YES;
			};
			name = Release;
		};
		5B227FB322A67FAB007C484E /* Debug */ = {
			isa = XCBuildConfiguration;
			buildSettings = {
				ASSETCATALOG_COMPILER_APPICON_NAME = AppIcon;
				CODE_SIGN_STYLE = Automatic;
				DEVELOPMENT_TEAM = 35R365FS4Q;
				FRAMEWORK_SEARCH_PATHS = (
					"$(inherited)",
					"$(PROJECT_DIR)/Carthage/Build/iOS",
				);
				INFOPLIST_FILE = VIMNetworkingCarthageSample/Info.plist;
				LD_RUNPATH_SEARCH_PATHS = (
					"$(inherited)",
					"@executable_path/Frameworks",
				);
				PRODUCT_BUNDLE_IDENTIFIER = com.vimeo.VIMNetworkingCarthageSample;
				PRODUCT_NAME = "$(TARGET_NAME)";
				SWIFT_VERSION = 5.0;
				TARGETED_DEVICE_FAMILY = "1,2";
			};
			name = Debug;
		};
		5B227FB422A67FAB007C484E /* Release */ = {
			isa = XCBuildConfiguration;
			buildSettings = {
				ASSETCATALOG_COMPILER_APPICON_NAME = AppIcon;
				CODE_SIGN_STYLE = Automatic;
				DEVELOPMENT_TEAM = 35R365FS4Q;
				FRAMEWORK_SEARCH_PATHS = (
					"$(inherited)",
					"$(PROJECT_DIR)/Carthage/Build/iOS",
				);
				INFOPLIST_FILE = VIMNetworkingCarthageSample/Info.plist;
				LD_RUNPATH_SEARCH_PATHS = (
					"$(inherited)",
					"@executable_path/Frameworks",
				);
				PRODUCT_BUNDLE_IDENTIFIER = com.vimeo.VIMNetworkingCarthageSample;
				PRODUCT_NAME = "$(TARGET_NAME)";
				SWIFT_VERSION = 5.0;
				TARGETED_DEVICE_FAMILY = "1,2";
			};
			name = Release;
		};
/* End XCBuildConfiguration section */

/* Begin XCConfigurationList section */
		5B227F9B22A67FAA007C484E /* Build configuration list for PBXProject "VIMNetworkingCarthageSample" */ = {
			isa = XCConfigurationList;
			buildConfigurations = (
				5B227FB022A67FAB007C484E /* Debug */,
				5B227FB122A67FAB007C484E /* Release */,
			);
			defaultConfigurationIsVisible = 0;
			defaultConfigurationName = Release;
		};
		5B227FB222A67FAB007C484E /* Build configuration list for PBXNativeTarget "VIMNetworkingCarthageSample" */ = {
			isa = XCConfigurationList;
			buildConfigurations = (
				5B227FB322A67FAB007C484E /* Debug */,
				5B227FB422A67FAB007C484E /* Release */,
			);
			defaultConfigurationIsVisible = 0;
			defaultConfigurationName = Release;
		};
/* End XCConfigurationList section */
	};
	rootObject = 5B227F9822A67FAA007C484E /* Project object */;
}
